// !$*UTF8*$!
{
	archiveVersion = 1;
	classes = {
	};
	objectVersion = 50;
	objects = {

/* Begin PBXBuildFile section */
		670751D7232D499700EC257F /* TodoViewModel.swift in Sources */ = {isa = PBXBuildFile; fileRef = 670751D6232D499700EC257F /* TodoViewModel.swift */; };
		670751D9232D4BE900EC257F /* TodoItemTableViewCell.swift in Sources */ = {isa = PBXBuildFile; fileRef = 670751D8232D4BE900EC257F /* TodoItemTableViewCell.swift */; };
		670751DB232D4DF300EC257F /* TodoItemTableViewCell.xib in Resources */ = {isa = PBXBuildFile; fileRef = 670751DA232D4DF300EC257F /* TodoItemTableViewCell.xib */; };
		6721983823312B3600D33A33 /* BoolExtensions.XOR.swift in Sources */ = {isa = PBXBuildFile; fileRef = 6721983723312B3600D33A33 /* BoolExtensions.XOR.swift */; };
		675E80D0232D481C00740791 /* AppDelegate.swift in Sources */ = {isa = PBXBuildFile; fileRef = 675E80CF232D481C00740791 /* AppDelegate.swift */; };
		675E80D2232D481C00740791 /* ViewController.swift in Sources */ = {isa = PBXBuildFile; fileRef = 675E80D1232D481C00740791 /* ViewController.swift */; };
		675E80D5232D481C00740791 /* Main.storyboard in Resources */ = {isa = PBXBuildFile; fileRef = 675E80D3232D481C00740791 /* Main.storyboard */; };
		675E80D7232D481D00740791 /* Assets.xcassets in Resources */ = {isa = PBXBuildFile; fileRef = 675E80D6232D481D00740791 /* Assets.xcassets */; };
		675E80DA232D481D00740791 /* LaunchScreen.storyboard in Resources */ = {isa = PBXBuildFile; fileRef = 675E80D8232D481D00740791 /* LaunchScreen.storyboard */; };
		826BB9CB3F9C0F39A630B101 /* Pods_TodoMVVM.framework in Frameworks */ = {isa = PBXBuildFile; fileRef = 70C4DBBA271E761F6031D9FF /* Pods_TodoMVVM.framework */; };
/* End PBXBuildFile section */

/* Begin PBXFileReference section */
		22933ADC008D82AB4CE0CB7D /* Pods-TodoMVVM.debug.xcconfig */ = {isa = PBXFileReference; includeInIndex = 1; lastKnownFileType = text.xcconfig; name = "Pods-TodoMVVM.debug.xcconfig"; path = "Target Support Files/Pods-TodoMVVM/Pods-TodoMVVM.debug.xcconfig"; sourceTree = "<group>"; };
		670751D6232D499700EC257F /* TodoViewModel.swift */ = {isa = PBXFileReference; lastKnownFileType = sourcecode.swift; path = TodoViewModel.swift; sourceTree = "<group>"; };
		670751D8232D4BE900EC257F /* TodoItemTableViewCell.swift */ = {isa = PBXFileReference; lastKnownFileType = sourcecode.swift; path = TodoItemTableViewCell.swift; sourceTree = "<group>"; };
		670751DA232D4DF300EC257F /* TodoItemTableViewCell.xib */ = {isa = PBXFileReference; lastKnownFileType = file.xib; path = TodoItemTableViewCell.xib; sourceTree = "<group>"; };
		6721983723312B3600D33A33 /* BoolExtensions.XOR.swift */ = {isa = PBXFileReference; lastKnownFileType = sourcecode.swift; path = BoolExtensions.XOR.swift; sourceTree = "<group>"; };
		675E80CC232D481C00740791 /* TodoMVVM.app */ = {isa = PBXFileReference; explicitFileType = wrapper.application; includeInIndex = 0; path = TodoMVVM.app; sourceTree = BUILT_PRODUCTS_DIR; };
		675E80CF232D481C00740791 /* AppDelegate.swift */ = {isa = PBXFileReference; lastKnownFileType = sourcecode.swift; path = AppDelegate.swift; sourceTree = "<group>"; };
		675E80D1232D481C00740791 /* ViewController.swift */ = {isa = PBXFileReference; lastKnownFileType = sourcecode.swift; path = ViewController.swift; sourceTree = "<group>"; };
		675E80D4232D481C00740791 /* Base */ = {isa = PBXFileReference; lastKnownFileType = file.storyboard; name = Base; path = Base.lproj/Main.storyboard; sourceTree = "<group>"; };
		675E80D6232D481D00740791 /* Assets.xcassets */ = {isa = PBXFileReference; lastKnownFileType = folder.assetcatalog; path = Assets.xcassets; sourceTree = "<group>"; };
		675E80D9232D481D00740791 /* Base */ = {isa = PBXFileReference; lastKnownFileType = file.storyboard; name = Base; path = Base.lproj/LaunchScreen.storyboard; sourceTree = "<group>"; };
		675E80DB232D481D00740791 /* Info.plist */ = {isa = PBXFileReference; lastKnownFileType = text.plist.xml; path = Info.plist; sourceTree = "<group>"; };
		6BBD36B890E48A7C39B0ACCA /* Pods-TodoMVVM.release.xcconfig */ = {isa = PBXFileReference; includeInIndex = 1; lastKnownFileType = text.xcconfig; name = "Pods-TodoMVVM.release.xcconfig"; path = "Target Support Files/Pods-TodoMVVM/Pods-TodoMVVM.release.xcconfig"; sourceTree = "<group>"; };
		70C4DBBA271E761F6031D9FF /* Pods_TodoMVVM.framework */ = {isa = PBXFileReference; explicitFileType = wrapper.framework; includeInIndex = 0; path = Pods_TodoMVVM.framework; sourceTree = BUILT_PRODUCTS_DIR; };
/* End PBXFileReference section */

/* Begin PBXFrameworksBuildPhase section */
		675E80C9232D481C00740791 /* Frameworks */ = {
			isa = PBXFrameworksBuildPhase;
			buildActionMask = 2147483647;
			files = (
				826BB9CB3F9C0F39A630B101 /* Pods_TodoMVVM.framework in Frameworks */,
			);
			runOnlyForDeploymentPostprocessing = 0;
		};
/* End PBXFrameworksBuildPhase section */

/* Begin PBXGroup section */
		675E80C3232D481C00740791 = {
			isa = PBXGroup;
			children = (
				675E80CE232D481C00740791 /* TodoMVVM */,
				675E80CD232D481C00740791 /* Products */,
				75D342BDBF9B9F92FB0C80C0 /* Pods */,
				CEE5C407D441E487D728C153 /* Frameworks */,
			);
			sourceTree = "<group>";
		};
		675E80CD232D481C00740791 /* Products */ = {
			isa = PBXGroup;
			children = (
				675E80CC232D481C00740791 /* TodoMVVM.app */,
			);
			name = Products;
			sourceTree = "<group>";
		};
		675E80CE232D481C00740791 /* TodoMVVM */ = {
			isa = PBXGroup;
			children = (
				675E80CF232D481C00740791 /* AppDelegate.swift */,
				675E80D1232D481C00740791 /* ViewController.swift */,
				675E80D3232D481C00740791 /* Main.storyboard */,
				675E80D6232D481D00740791 /* Assets.xcassets */,
				675E80D8232D481D00740791 /* LaunchScreen.storyboard */,
				675E80DB232D481D00740791 /* Info.plist */,
				670751D6232D499700EC257F /* TodoViewModel.swift */,
				670751D8232D4BE900EC257F /* TodoItemTableViewCell.swift */,
				670751DA232D4DF300EC257F /* TodoItemTableViewCell.xib */,
				6721983723312B3600D33A33 /* BoolExtensions.XOR.swift */,
			);
			path = TodoMVVM;
			sourceTree = "<group>";
		};
		75D342BDBF9B9F92FB0C80C0 /* Pods */ = {
			isa = PBXGroup;
			children = (
				22933ADC008D82AB4CE0CB7D /* Pods-TodoMVVM.debug.xcconfig */,
				6BBD36B890E48A7C39B0ACCA /* Pods-TodoMVVM.release.xcconfig */,
			);
			name = Pods;
			path = Pods;
			sourceTree = "<group>";
		};
		CEE5C407D441E487D728C153 /* Frameworks */ = {
			isa = PBXGroup;
			children = (
				70C4DBBA271E761F6031D9FF /* Pods_TodoMVVM.framework */,
			);
			name = Frameworks;
			sourceTree = "<group>";
		};
/* End PBXGroup section */

/* Begin PBXNativeTarget section */
		675E80CB232D481C00740791 /* TodoMVVM */ = {
			isa = PBXNativeTarget;
			buildConfigurationList = 675E80DE232D481D00740791 /* Build configuration list for PBXNativeTarget "TodoMVVM" */;
			buildPhases = (
				0A6880742852ADB14C67289E /* [CP] Check Pods Manifest.lock */,
				675E80C8232D481C00740791 /* Sources */,
				675E80C9232D481C00740791 /* Frameworks */,
				675E80CA232D481C00740791 /* Resources */,
				70852F911B00D2940BBBC941 /* [CP] Embed Pods Frameworks */,
			);
			buildRules = (
			);
			dependencies = (
			);
			name = TodoMVVM;
			productName = TodoMVVM;
			productReference = 675E80CC232D481C00740791 /* TodoMVVM.app */;
			productType = "com.apple.product-type.application";
		};
/* End PBXNativeTarget section */

/* Begin PBXProject section */
		675E80C4232D481C00740791 /* Project object */ = {
			isa = PBXProject;
			attributes = {
				LastSwiftUpdateCheck = 1010;
				LastUpgradeCheck = 1010;
				ORGANIZATIONNAME = KODAK;
				TargetAttributes = {
					675E80CB232D481C00740791 = {
						CreatedOnToolsVersion = 10.1;
					};
				};
			};
			buildConfigurationList = 675E80C7232D481C00740791 /* Build configuration list for PBXProject "TodoMVVM" */;
			compatibilityVersion = "Xcode 9.3";
			developmentRegion = en;
			hasScannedForEncodings = 0;
			knownRegions = (
				en,
				Base,
			);
			mainGroup = 675E80C3232D481C00740791;
			productRefGroup = 675E80CD232D481C00740791 /* Products */;
			projectDirPath = "";
			projectRoot = "";
			targets = (
				675E80CB232D481C00740791 /* TodoMVVM */,
			);
		};
/* End PBXProject section */

/* Begin PBXResourcesBuildPhase section */
		675E80CA232D481C00740791 /* Resources */ = {
			isa = PBXResourcesBuildPhase;
			buildActionMask = 2147483647;
			files = (
				675E80DA232D481D00740791 /* LaunchScreen.storyboard in Resources */,
				675E80D7232D481D00740791 /* Assets.xcassets in Resources */,
				670751DB232D4DF300EC257F /* TodoItemTableViewCell.xib in Resources */,
				675E80D5232D481C00740791 /* Main.storyboard in Resources */,
			);
			runOnlyForDeploymentPostprocessing = 0;
		};
/* End PBXResourcesBuildPhase section */

/* Begin PBXShellScriptBuildPhase section */
		0A6880742852ADB14C67289E /* [CP] Check Pods Manifest.lock */ = {
			isa = PBXShellScriptBuildPhase;
			buildActionMask = 2147483647;
			files = (
			);
			inputFileListPaths = (
			);
			inputPaths = (
				"${PODS_PODFILE_DIR_PATH}/Podfile.lock",
				"${PODS_ROOT}/Manifest.lock",
			);
			name = "[CP] Check Pods Manifest.lock";
			outputFileListPaths = (
			);
			outputPaths = (
				"$(DERIVED_FILE_DIR)/Pods-TodoMVVM-checkManifestLockResult.txt",
			);
			runOnlyForDeploymentPostprocessing = 0;
			shellPath = /bin/sh;
			shellScript = "diff \"${PODS_PODFILE_DIR_PATH}/Podfile.lock\" \"${PODS_ROOT}/Manifest.lock\" > /dev/null\nif [ $? != 0 ] ; then\n    # print error to STDERR\n    echo \"error: The sandbox is not in sync with the Podfile.lock. Run 'pod install' or update your CocoaPods installation.\" >&2\n    exit 1\nfi\n# This output is used by Xcode 'outputs' to avoid re-running this script phase.\necho \"SUCCESS\" > \"${SCRIPT_OUTPUT_FILE_0}\"\n";
			showEnvVarsInLog = 0;
		};
		70852F911B00D2940BBBC941 /* [CP] Embed Pods Frameworks */ = {
			isa = PBXShellScriptBuildPhase;
			buildActionMask = 2147483647;
			files = (
			);
			inputFileListPaths = (
			);
			inputPaths = (
				"${PODS_ROOT}/Target Support Files/Pods-TodoMVVM/Pods-TodoMVVM-frameworks.sh",
				"${BUILT_PRODUCTS_DIR}/Realm/Realm.framework",
				"${BUILT_PRODUCTS_DIR}/RealmSwift/RealmSwift.framework",
				"${BUILT_PRODUCTS_DIR}/RxCocoa/RxCocoa.framework",
				"${BUILT_PRODUCTS_DIR}/RxSwift/RxSwift.framework",
			);
			name = "[CP] Embed Pods Frameworks";
			outputFileListPaths = (
			);
			outputPaths = (
				"${TARGET_BUILD_DIR}/${FRAMEWORKS_FOLDER_PATH}/Realm.framework",
				"${TARGET_BUILD_DIR}/${FRAMEWORKS_FOLDER_PATH}/RealmSwift.framework",
				"${TARGET_BUILD_DIR}/${FRAMEWORKS_FOLDER_PATH}/RxCocoa.framework",
				"${TARGET_BUILD_DIR}/${FRAMEWORKS_FOLDER_PATH}/RxSwift.framework",
			);
			runOnlyForDeploymentPostprocessing = 0;
			shellPath = /bin/sh;
			shellScript = "\"${PODS_ROOT}/Target Support Files/Pods-TodoMVVM/Pods-TodoMVVM-frameworks.sh\"\n";
			showEnvVarsInLog = 0;
		};
/* End PBXShellScriptBuildPhase section */

/* Begin PBXSourcesBuildPhase section */
		675E80C8232D481C00740791 /* Sources */ = {
			isa = PBXSourcesBuildPhase;
			buildActionMask = 2147483647;
			files = (
				670751D7232D499700EC257F /* TodoViewModel.swift in Sources */,
				6721983823312B3600D33A33 /* BoolExtensions.XOR.swift in Sources */,
				675E80D2232D481C00740791 /* ViewController.swift in Sources */,
				670751D9232D4BE900EC257F /* TodoItemTableViewCell.swift in Sources */,
				675E80D0232D481C00740791 /* AppDelegate.swift in Sources */,
			);
			runOnlyForDeploymentPostprocessing = 0;
		};
/* End PBXSourcesBuildPhase section */

/* Begin PBXVariantGroup section */
		675E80D3232D481C00740791 /* Main.storyboard */ = {
			isa = PBXVariantGroup;
			children = (
				675E80D4232D481C00740791 /* Base */,
			);
			name = Main.storyboard;
			sourceTree = "<group>";
		};
		675E80D8232D481D00740791 /* LaunchScreen.storyboard */ = {
			isa = PBXVariantGroup;
			children = (
				675E80D9232D481D00740791 /* Base */,
			);
			name = LaunchScreen.storyboard;
			sourceTree = "<group>";
		};
/* End PBXVariantGroup section */

/* Begin XCBuildConfiguration section */
		675E80DC232D481D00740791 /* Debug */ = {
			isa = XCBuildConfiguration;
			buildSettings = {
				ALWAYS_SEARCH_USER_PATHS = NO;
				CLANG_ANALYZER_NONNULL = YES;
				CLANG_ANALYZER_NUMBER_OBJECT_CONVERSION = YES_AGGRESSIVE;
				CLANG_CXX_LANGUAGE_STANDARD = "gnu++14";
				CLANG_CXX_LIBRARY = "libc++";
				CLANG_ENABLE_MODULES = YES;
				CLANG_ENABLE_OBJC_ARC = YES;
				CLANG_ENABLE_OBJC_WEAK = YES;
				CLANG_WARN_BLOCK_CAPTURE_AUTORELEASING = YES;
				CLANG_WARN_BOOL_CONVERSION = YES;
				CLANG_WARN_COMMA = YES;
				CLANG_WARN_CONSTANT_CONVERSION = YES;
				CLANG_WARN_DEPRECATED_OBJC_IMPLEMENTATIONS = YES;
				CLANG_WARN_DIRECT_OBJC_ISA_USAGE = YES_ERROR;
				CLANG_WARN_DOCUMENTATION_COMMENTS = YES;
				CLANG_WARN_EMPTY_BODY = YES;
				CLANG_WARN_ENUM_CONVERSION = YES;
				CLANG_WARN_INFINITE_RECURSION = YES;
				CLANG_WARN_INT_CONVERSION = YES;
				CLANG_WARN_NON_LITERAL_NULL_CONVERSION = YES;
				CLANG_WARN_OBJC_IMPLICIT_RETAIN_SELF = YES;
				CLANG_WARN_OBJC_LITERAL_CONVERSION = YES;
				CLANG_WARN_OBJC_ROOT_CLASS = YES_ERROR;
				CLANG_WARN_RANGE_LOOP_ANALYSIS = YES;
				CLANG_WARN_STRICT_PROTOTYPES = YES;
				CLANG_WARN_SUSPICIOUS_MOVE = YES;
				CLANG_WARN_UNGUARDED_AVAILABILITY = YES_AGGRESSIVE;
				CLANG_WARN_UNREACHABLE_CODE = YES;
				CLANG_WARN__DUPLICATE_METHOD_MATCH = YES;
				CODE_SIGN_IDENTITY = "iPhone Developer";
				COPY_PHASE_STRIP = NO;
				DEBUG_INFORMATION_FORMAT = dwarf;
				ENABLE_STRICT_OBJC_MSGSEND = YES;
				ENABLE_TESTABILITY = YES;
				GCC_C_LANGUAGE_STANDARD = gnu11;
				GCC_DYNAMIC_NO_PIC = NO;
				GCC_NO_COMMON_BLOCKS = YES;
				GCC_OPTIMIZATION_LEVEL = 0;
				GCC_PREPROCESSOR_DEFINITIONS = (
					"DEBUG=1",
					"$(inherited)",
				);
				GCC_WARN_64_TO_32_BIT_CONVERSION = YES;
				GCC_WARN_ABOUT_RETURN_TYPE = YES_ERROR;
				GCC_WARN_UNDECLARED_SELECTOR = YES;
				GCC_WARN_UNINITIALIZED_AUTOS = YES_AGGRESSIVE;
				GCC_WARN_UNUSED_FUNCTION = YES;
				GCC_WARN_UNUSED_VARIABLE = YES;
				IPHONEOS_DEPLOYMENT_TARGET = 12.1;
				MTL_ENABLE_DEBUG_INFO = INCLUDE_SOURCE;
				MTL_FAST_MATH = YES;
				ONLY_ACTIVE_ARCH = YES;
				SDKROOT = iphoneos;
				SWIFT_ACTIVE_COMPILATION_CONDITIONS = DEBUG;
				SWIFT_OPTIMIZATION_LEVEL = "-Onone";
			};
			name = Debug;
		};
		675E80DD232D481D00740791 /* Release */ = {
			isa = XCBuildConfiguration;
			buildSettings = {
				ALWAYS_SEARCH_USER_PATHS = NO;
				CLANG_ANALYZER_NONNULL = YES;
				CLANG_ANALYZER_NUMBER_OBJECT_CONVERSION = YES_AGGRESSIVE;
				CLANG_CXX_LANGUAGE_STANDARD = "gnu++14";
				CLANG_CXX_LIBRARY = "libc++";
				CLANG_ENABLE_MODULES = YES;
				CLANG_ENABLE_OBJC_ARC = YES;
				CLANG_ENABLE_OBJC_WEAK = YES;
				CLANG_WARN_BLOCK_CAPTURE_AUTORELEASING = YES;
				CLANG_WARN_BOOL_CONVERSION = YES;
				CLANG_WARN_COMMA = YES;
				CLANG_WARN_CONSTANT_CONVERSION = YES;
				CLANG_WARN_DEPRECATED_OBJC_IMPLEMENTATIONS = YES;
				CLANG_WARN_DIRECT_OBJC_ISA_USAGE = YES_ERROR;
				CLANG_WARN_DOCUMENTATION_COMMENTS = YES;
				CLANG_WARN_EMPTY_BODY = YES;
				CLANG_WARN_ENUM_CONVERSION = YES;
				CLANG_WARN_INFINITE_RECURSION = YES;
				CLANG_WARN_INT_CONVERSION = YES;
				CLANG_WARN_NON_LITERAL_NULL_CONVERSION = YES;
				CLANG_WARN_OBJC_IMPLICIT_RETAIN_SELF = YES;
				CLANG_WARN_OBJC_LITERAL_CONVERSION = YES;
				CLANG_WARN_OBJC_ROOT_CLASS = YES_ERROR;
				CLANG_WARN_RANGE_LOOP_ANALYSIS = YES;
				CLANG_WARN_STRICT_PROTOTYPES = YES;
				CLANG_WARN_SUSPICIOUS_MOVE = YES;
				CLANG_WARN_UNGUARDED_AVAILABILITY = YES_AGGRESSIVE;
				CLANG_WARN_UNREACHABLE_CODE = YES;
				CLANG_WARN__DUPLICATE_METHOD_MATCH = YES;
				CODE_SIGN_IDENTITY = "iPhone Developer";
				COPY_PHASE_STRIP = NO;
				DEBUG_INFORMATION_FORMAT = "dwarf-with-dsym";
				ENABLE_NS_ASSERTIONS = NO;
				ENABLE_STRICT_OBJC_MSGSEND = YES;
				GCC_C_LANGUAGE_STANDARD = gnu11;
				GCC_NO_COMMON_BLOCKS = YES;
				GCC_WARN_64_TO_32_BIT_CONVERSION = YES;
				GCC_WARN_ABOUT_RETURN_TYPE = YES_ERROR;
				GCC_WARN_UNDECLARED_SELECTOR = YES;
				GCC_WARN_UNINITIALIZED_AUTOS = YES_AGGRESSIVE;
				GCC_WARN_UNUSED_FUNCTION = YES;
				GCC_WARN_UNUSED_VARIABLE = YES;
				IPHONEOS_DEPLOYMENT_TARGET = 12.1;
				MTL_ENABLE_DEBUG_INFO = NO;
				MTL_FAST_MATH = YES;
				SDKROOT = iphoneos;
				SWIFT_COMPILATION_MODE = wholemodule;
				SWIFT_OPTIMIZATION_LEVEL = "-O";
				VALIDATE_PRODUCT = YES;
			};
			name = Release;
		};
		675E80DF232D481D00740791 /* Debug */ = {
			isa = XCBuildConfiguration;
			baseConfigurationReference = 22933ADC008D82AB4CE0CB7D /* Pods-TodoMVVM.debug.xcconfig */;
			buildSettings = {
				ASSETCATALOG_COMPILER_APPICON_NAME = AppIcon;
				CODE_SIGN_STYLE = Automatic;
				DEVELOPMENT_TEAM = C2Z6SWF272;
				INFOPLIST_FILE = TodoMVVM/Info.plist;
				IPHONEOS_DEPLOYMENT_TARGET = 10.0;
				LD_RUNPATH_SEARCH_PATHS = (
					"$(inherited)",
					"@executable_path/Frameworks",
				);
				PRODUCT_BUNDLE_IDENTIFIER = com.kodak.todomvvm;
				PRODUCT_NAME = "$(TARGET_NAME)";
				SWIFT_VERSION = 4.2;
				TARGETED_DEVICE_FAMILY = "1,2";
			};
			name = Debug;
		};
		675E80E0232D481D00740791 /* Release */ = {
			isa = XCBuildConfiguration;
			baseConfigurationReference = 6BBD36B890E48A7C39B0ACCA /* Pods-TodoMVVM.release.xcconfig */;
			buildSettings = {
				ASSETCATALOG_COMPILER_APPICON_NAME = AppIcon;
				CODE_SIGN_STYLE = Automatic;
				DEVELOPMENT_TEAM = C2Z6SWF272;
				INFOPLIST_FILE = TodoMVVM/Info.plist;
				IPHONEOS_DEPLOYMENT_TARGET = 10.0;
				LD_RUNPATH_SEARCH_PATHS = (
					"$(inherited)",
					"@executable_path/Frameworks",
				);
				PRODUCT_BUNDLE_IDENTIFIER = com.kodak.todomvvm;
				PRODUCT_NAME = "$(TARGET_NAME)";
				SWIFT_VERSION = 4.2;
				TARGETED_DEVICE_FAMILY = "1,2";
			};
			name = Release;
		};
/* End XCBuildConfiguration section */

/* Begin XCConfigurationList section */
		675E80C7232D481C00740791 /* Build configuration list for PBXProject "TodoMVVM" */ = {
			isa = XCConfigurationList;
			buildConfigurations = (
				675E80DC232D481D00740791 /* Debug */,
				675E80DD232D481D00740791 /* Release */,
			);
			defaultConfigurationIsVisible = 0;
			defaultConfigurationName = Release;
		};
		675E80DE232D481D00740791 /* Build configuration list for PBXNativeTarget "TodoMVVM" */ = {
			isa = XCConfigurationList;
			buildConfigurations = (
				675E80DF232D481D00740791 /* Debug */,
				675E80E0232D481D00740791 /* Release */,
			);
			defaultConfigurationIsVisible = 0;
			defaultConfigurationName = Release;
		};
/* End XCConfigurationList section */
	};
	rootObject = 675E80C4232D481C00740791 /* Project object */;
}
